// !$*UTF8*$!
{
	archiveVersion = 1;
	classes = {
	};
	objectVersion = 46;
	objects = {

/* Begin PBXBuildFile section */
		E03C974E151A295C0004D2FD /* UIKit.framework in Frameworks */ = {isa = PBXBuildFile; fileRef = E03C974D151A295C0004D2FD /* UIKit.framework */; };
		E03C9750151A295C0004D2FD /* Foundation.framework in Frameworks */ = {isa = PBXBuildFile; fileRef = E03C974F151A295C0004D2FD /* Foundation.framework */; };
		E03C9752151A295C0004D2FD /* CoreGraphics.framework in Frameworks */ = {isa = PBXBuildFile; fileRef = E03C9751151A295C0004D2FD /* CoreGraphics.framework */; };
		E03C9758151A295C0004D2FD /* InfoPlist.strings in Resources */ = {isa = PBXBuildFile; fileRef = E03C9756151A295C0004D2FD /* InfoPlist.strings */; };
		E03C975A151A295C0004D2FD /* main.m in Sources */ = {isa = PBXBuildFile; fileRef = E03C9759151A295C0004D2FD /* main.m */; };
		E03C975E151A295C0004D2FD /* AppDelegate.m in Sources */ = {isa = PBXBuildFile; fileRef = E03C975D151A295C0004D2FD /* AppDelegate.m */; };
		E03C9761151A295C0004D2FD /* ViewController.m in Sources */ = {isa = PBXBuildFile; fileRef = E03C9760151A295C0004D2FD /* ViewController.m */; };
		E03C9764151A295C0004D2FD /* ViewController.xib in Resources */ = {isa = PBXBuildFile; fileRef = E03C9762151A295C0004D2FD /* ViewController.xib */; };
		E03C976C151A2ABE0004D2FD /* Vue1.m in Sources */ = {isa = PBXBuildFile; fileRef = E03C976B151A2ABE0004D2FD /* Vue1.m */; };
		E03C976F151A2AC50004D2FD /* Vue2.m in Sources */ = {isa = PBXBuildFile; fileRef = E03C976E151A2AC50004D2FD /* Vue2.m */; };
/* End PBXBuildFile section */

/* Begin PBXFileReference section */
		E03C9749151A295C0004D2FD /* GestionVues.app */ = {isa = PBXFileReference; explicitFileType = wrapper.application; includeInIndex = 0; path = GestionVues.app; sourceTree = BUILT_PRODUCTS_DIR; };
		E03C974D151A295C0004D2FD /* UIKit.framework */ = {isa = PBXFileReference; lastKnownFileType = wrapper.framework; name = UIKit.framework; path = System/Library/Frameworks/UIKit.framework; sourceTree = SDKROOT; };
		E03C974F151A295C0004D2FD /* Foundation.framework */ = {isa = PBXFileReference; lastKnownFileType = wrapper.framework; name = Foundation.framework; path = System/Library/Frameworks/Foundation.framework; sourceTree = SDKROOT; };
		E03C9751151A295C0004D2FD /* CoreGraphics.framework */ = {isa = PBXFileReference; lastKnownFileType = wrapper.framework; name = CoreGraphics.framework; path = System/Library/Frameworks/CoreGraphics.framework; sourceTree = SDKROOT; };
		E03C9755151A295C0004D2FD /* GestionVues-Info.plist */ = {isa = PBXFileReference; lastKnownFileType = text.plist.xml; path = "GestionVues-Info.plist"; sourceTree = "<group>"; };
		E03C9757151A295C0004D2FD /* en */ = {isa = PBXFileReference; lastKnownFileType = text.plist.strings; name = en; path = en.lproj/InfoPlist.strings; sourceTree = "<group>"; };
		E03C9759151A295C0004D2FD /* main.m */ = {isa = PBXFileReference; lastKnownFileType = sourcecode.c.objc; path = main.m; sourceTree = "<group>"; };
		E03C975B151A295C0004D2FD /* GestionVues-Prefix.pch */ = {isa = PBXFileReference; lastKnownFileType = sourcecode.c.h; path = "GestionVues-Prefix.pch"; sourceTree = "<group>"; };
		E03C975C151A295C0004D2FD /* AppDelegate.h */ = {isa = PBXFileReference; lastKnownFileType = sourcecode.c.h; path = AppDelegate.h; sourceTree = "<group>"; };
		E03C975D151A295C0004D2FD /* AppDelegate.m */ = {isa = PBXFileReference; lastKnownFileType = sourcecode.c.objc; path = AppDelegate.m; sourceTree = "<group>"; };
		E03C975F151A295C0004D2FD /* ViewController.h */ = {isa = PBXFileReference; lastKnownFileType = sourcecode.c.h; path = ViewController.h; sourceTree = "<group>"; };
		E03C9760151A295C0004D2FD /* ViewController.m */ = {isa = PBXFileReference; lastKnownFileType = sourcecode.c.objc; path = ViewController.m; sourceTree = "<group>"; };
		E03C9763151A295C0004D2FD /* en */ = {isa = PBXFileReference; lastKnownFileType = file.xib; name = en; path = en.lproj/ViewController.xib; sourceTree = "<group>"; };
		E03C976A151A2ABE0004D2FD /* Vue1.h */ = {isa = PBXFileReference; fileEncoding = 4; lastKnownFileType = sourcecode.c.h; path = Vue1.h; sourceTree = "<group>"; };
		E03C976B151A2ABE0004D2FD /* Vue1.m */ = {isa = PBXFileReference; fileEncoding = 4; lastKnownFileType = sourcecode.c.objc; path = Vue1.m; sourceTree = "<group>"; };
		E03C976D151A2AC50004D2FD /* Vue2.h */ = {isa = PBXFileReference; fileEncoding = 4; lastKnownFileType = sourcecode.c.h; path = Vue2.h; sourceTree = "<group>"; };
		E03C976E151A2AC50004D2FD /* Vue2.m */ = {isa = PBXFileReference; fileEncoding = 4; lastKnownFileType = sourcecode.c.objc; path = Vue2.m; sourceTree = "<group>"; };
/* End PBXFileReference section */

/* Begin PBXFrameworksBuildPhase section */
		E03C9746151A295C0004D2FD /* Frameworks */ = {
			isa = PBXFrameworksBuildPhase;
			buildActionMask = 2147483647;
			files = (
				E03C974E151A295C0004D2FD /* UIKit.framework in Frameworks */,
				E03C9750151A295C0004D2FD /* Foundation.framework in Frameworks */,
				E03C9752151A295C0004D2FD /* CoreGraphics.framework in Frameworks */,
			);
			runOnlyForDeploymentPostprocessing = 0;
		};
/* End PBXFrameworksBuildPhase section */

/* Begin PBXGroup section */
		E03C973E151A295C0004D2FD = {
			isa = PBXGroup;
			children = (
				E03C9753151A295C0004D2FD /* GestionVues */,
				E03C974C151A295C0004D2FD /* Frameworks */,
				E03C974A151A295C0004D2FD /* Products */,
			);
			sourceTree = "<group>";
		};
		E03C974A151A295C0004D2FD /* Products */ = {
			isa = PBXGroup;
			children = (
				E03C9749151A295C0004D2FD /* GestionVues.app */,
			);
			name = Products;
			sourceTree = "<group>";
		};
		E03C974C151A295C0004D2FD /* Frameworks */ = {
			isa = PBXGroup;
			children = (
				E03C974D151A295C0004D2FD /* UIKit.framework */,
				E03C974F151A295C0004D2FD /* Foundation.framework */,
				E03C9751151A295C0004D2FD /* CoreGraphics.framework */,
			);
			name = Frameworks;
			sourceTree = "<group>";
		};
		E03C9753151A295C0004D2FD /* GestionVues */ = {
			isa = PBXGroup;
			children = (
				E03C975C151A295C0004D2FD /* AppDelegate.h */,
				E03C975D151A295C0004D2FD /* AppDelegate.m */,
				E03C975F151A295C0004D2FD /* ViewController.h */,
				E03C9760151A295C0004D2FD /* ViewController.m */,
				E03C9762151A295C0004D2FD /* ViewController.xib */,
				E03C9754151A295C0004D2FD /* Supporting Files */,
				E03C976A151A2ABE0004D2FD /* Vue1.h */,
				E03C976B151A2ABE0004D2FD /* Vue1.m */,
				E03C976D151A2AC50004D2FD /* Vue2.h */,
				E03C976E151A2AC50004D2FD /* Vue2.m */,
			);
			path = GestionVues;
			sourceTree = "<group>";
		};
		E03C9754151A295C0004D2FD /* Supporting Files */ = {
			isa = PBXGroup;
			children = (
				E03C9755151A295C0004D2FD /* GestionVues-Info.plist */,
				E03C9756151A295C0004D2FD /* InfoPlist.strings */,
				E03C9759151A295C0004D2FD /* main.m */,
				E03C975B151A295C0004D2FD /* GestionVues-Prefix.pch */,
			);
			name = "Supporting Files";
			sourceTree = "<group>";
		};
/* End PBXGroup section */

/* Begin PBXNativeTarget section */
		E03C9748151A295C0004D2FD /* GestionVues */ = {
			isa = PBXNativeTarget;
			buildConfigurationList = E03C9767151A295C0004D2FD /* Build configuration list for PBXNativeTarget "GestionVues" */;
			buildPhases = (
				E03C9745151A295C0004D2FD /* Sources */,
				E03C9746151A295C0004D2FD /* Frameworks */,
				E03C9747151A295C0004D2FD /* Resources */,
			);
			buildRules = (
			);
			dependencies = (
			);
			name = GestionVues;
			productName = GestionVues;
			productReference = E03C9749151A295C0004D2FD /* GestionVues.app */;
			productType = "com.apple.product-type.application";
		};
/* End PBXNativeTarget section */

/* Begin PBXProject section */
		E03C9740151A295C0004D2FD /* Project object */ = {
			isa = PBXProject;
			attributes = {
				LastUpgradeCheck = 0430;
			};
			buildConfigurationList = E03C9743151A295C0004D2FD /* Build configuration list for PBXProject "GestionVues" */;
			compatibilityVersion = "Xcode 3.2";
			developmentRegion = English;
			hasScannedForEncodings = 0;
			knownRegions = (
				en,
			);
			mainGroup = E03C973E151A295C0004D2FD;
			productRefGroup = E03C974A151A295C0004D2FD /* Products */;
			projectDirPath = "";
			projectRoot = "";
			targets = (
				E03C9748151A295C0004D2FD /* GestionVues */,
			);
		};
/* End PBXProject section */

/* Begin PBXResourcesBuildPhase section */
		E03C9747151A295C0004D2FD /* Resources */ = {
			isa = PBXResourcesBuildPhase;
			buildActionMask = 2147483647;
			files = (
				E03C9758151A295C0004D2FD /* InfoPlist.strings in Resources */,
				E03C9764151A295C0004D2FD /* ViewController.xib in Resources */,
			);
			runOnlyForDeploymentPostprocessing = 0;
		};
/* End PBXResourcesBuildPhase section */

/* Begin PBXSourcesBuildPhase section */
		E03C9745151A295C0004D2FD /* Sources */ = {
			isa = PBXSourcesBuildPhase;
			buildActionMask = 2147483647;
			files = (
				E03C975A151A295C0004D2FD /* main.m in Sources */,
				E03C975E151A295C0004D2FD /* AppDelegate.m in Sources */,
				E03C9761151A295C0004D2FD /* ViewController.m in Sources */,
				E03C976C151A2ABE0004D2FD /* Vue1.m in Sources */,
				E03C976F151A2AC50004D2FD /* Vue2.m in Sources */,
			);
			runOnlyForDeploymentPostprocessing = 0;
		};
/* End PBXSourcesBuildPhase section */

/* Begin PBXVariantGroup section */
		E03C9756151A295C0004D2FD /* InfoPlist.strings */ = {
			isa = PBXVariantGroup;
			children = (
				E03C9757151A295C0004D2FD /* en */,
			);
			name = InfoPlist.strings;
			sourceTree = "<group>";
		};
		E03C9762151A295C0004D2FD /* ViewController.xib */ = {
			isa = PBXVariantGroup;
			children = (
				E03C9763151A295C0004D2FD /* en */,
			);
			name = ViewController.xib;
			sourceTree = "<group>";
		};
/* End PBXVariantGroup section */

/* Begin XCBuildConfiguration section */
		E03C9765151A295C0004D2FD /* Debug */ = {
			isa = XCBuildConfiguration;
			buildSettings = {
				ALWAYS_SEARCH_USER_PATHS = NO;
				ARCHS = "$(ARCHS_STANDARD_32_BIT)";
				CLANG_ENABLE_OBJC_ARC = YES;
				"CODE_SIGN_IDENTITY[sdk=iphoneos*]" = "iPhone Developer";
				COPY_PHASE_STRIP = NO;
				GCC_C_LANGUAGE_STANDARD = gnu99;
				GCC_DYNAMIC_NO_PIC = NO;
				GCC_OPTIMIZATION_LEVEL = 0;
				GCC_PREPROCESSOR_DEFINITIONS = (
					"DEBUG=1",
					"$(inherited)",
				);
				GCC_SYMBOLS_PRIVATE_EXTERN = NO;
				GCC_VERSION = com.apple.compilers.llvm.clang.1_0;
				GCC_WARN_ABOUT_RETURN_TYPE = YES;
				GCC_WARN_UNINITIALIZED_AUTOS = YES;
				GCC_WARN_UNUSED_VARIABLE = YES;
				IPHONEOS_DEPLOYMENT_TARGET = 5.1;
				SDKROOT = iphoneos;
			};
			name = Debug;
		};
		E03C9766151A295C0004D2FD /* Release */ = {
			isa = XCBuildConfiguration;
			buildSettings = {
				ALWAYS_SEARCH_USER_PATHS = NO;
				ARCHS = "$(ARCHS_STANDARD_32_BIT)";
				CLANG_ENABLE_OBJC_ARC = YES;
				"CODE_SIGN_IDENTITY[sdk=iphoneos*]" = "iPhone Developer";
				COPY_PHASE_STRIP = YES;
				GCC_C_LANGUAGE_STANDARD = gnu99;
				GCC_VERSION = com.apple.compilers.llvm.clang.1_0;
				GCC_WARN_ABOUT_RETURN_TYPE = YES;
				GCC_WARN_UNINITIALIZED_AUTOS = YES;
				GCC_WARN_UNUSED_VARIABLE = YES;
				IPHONEOS_DEPLOYMENT_TARGET = 5.1;
				OTHER_CFLAGS = "-DNS_BLOCK_ASSERTIONS=1";
				SDKROOT = iphoneos;
				VALIDATE_PRODUCT = YES;
			};
			name = Release;
		};
		E03C9768151A295C0004D2FD /* Debug */ = {
			isa = XCBuildConfiguration;
			buildSettings = {
				GCC_PRECOMPILE_PREFIX_HEADER = YES;
				GCC_PREFIX_HEADER = "GestionVues/GestionVues-Prefix.pch";
				INFOPLIST_FILE = "GestionVues/GestionVues-Info.plist";
				PRODUCT_NAME = "$(TARGET_NAME)";
				WRAPPER_EXTENSION = app;
			};
			name = Debug;
		};
		E03C9769151A295C0004D2FD /* Release */ = {
			isa = XCBuildConfiguration;
			buildSettings = {
				GCC_PRECOMPILE_PREFIX_HEADER = YES;
				GCC_PREFIX_HEADER = "GestionVues/GestionVues-Prefix.pch";
				INFOPLIST_FILE = "GestionVues/GestionVues-Info.plist";
				PRODUCT_NAME = "$(TARGET_NAME)";
				WRAPPER_EXTENSION = app;
			};
			name = Release;
		};
/* End XCBuildConfiguration section */

/* Begin XCConfigurationList section */
		E03C9743151A295C0004D2FD /* Build configuration list for PBXProject "GestionVues" */ = {
			isa = XCConfigurationList;
			buildConfigurations = (
				E03C9765151A295C0004D2FD /* Debug */,
				E03C9766151A295C0004D2FD /* Release */,
			);
			defaultConfigurationIsVisible = 0;
			defaultConfigurationName = Release;
		};
		E03C9767151A295C0004D2FD /* Build configuration list for PBXNativeTarget "GestionVues" */ = {
			isa = XCConfigurationList;
			buildConfigurations = (
				E03C9768151A295C0004D2FD /* Debug */,
				E03C9769151A295C0004D2FD /* Release */,
			);
			defaultConfigurationIsVisible = 0;
		};
/* End XCConfigurationList section */
	};
	rootObject = E03C9740151A295C0004D2FD /* Project object */;
}
